
Microsoft Visual Studio Solution File, Format Version 12.00
# Visual Studio 15
VisualStudioVersion = 15.0.27130.2024
MinimumVisualStudioVersion = 10.0.40219.1
Project("{FAE04EC0-301F-11D3-BF4B-00C04F79EFBC}") = "Hello", "Hello\Hello.csproj", "{07552CA9-55A4-4E4A-83D8-20F0ED640A1F}"
EndProject
Global
	GlobalSection(SolutionConfigurationPlatforms) = preSolution
		Debug|Any CPU = Debug|Any CPU
		Release|Any CPU = Release|Any CPU
	EndGlobalSection
	GlobalSection(ProjectConfigurationPlatforms) = postSolution
		{07552CA9-55A4-4E4A-83D8-20F0ED640A1F}.Debug|Any CPU.ActiveCfg = Debug|Any CPU
		{07552CA9-55A4-4E4A-83D8-20F0ED640A1F}.Debug|Any CPU.Build.0 = Debug|Any CPU
		{07552CA9-55A4-4E4A-83D8-20F0ED640A1F}.Release|Any CPU.ActiveCfg = Release|Any CPU
		{07552CA9-55A4-4E4A-83D8-20F0ED640A1F}.Release|Any CPU.Build.0 = Release|Any CPU
	EndGlobalSection
	GlobalSection(SolutionProperties) = preSolution
		HideSolutionNode = FALSE
	EndGlobalSection
	GlobalSection(ExtensibilityGlobals) = postSolution
		SolutionGuid = {6792233E-D0B5-49A5-920E-B37D23C9B2DF}
	EndGlobalSection
EndGlobal
